
Microsoft Visual Studio Solution File, Format Version 12.00
# Visual Studio Version 16
VisualStudioVersion = 16.0.31729.503
MinimumVisualStudioVersion = 10.0.40219.1
Project("{FAE04EC0-301F-11D3-BF4B-00C04F79EFBC}") = "Ceiling Fan", "Ceiling Fan.csproj", "{DD3B4E21-F322-4BE8-99B0-E334D5192558}"
EndProject
Global
	GlobalSection(SolutionConfigurationPlatforms) = preSolution
		Debug|Any CPU = Debug|Any CPU
		Release|Any CPU = Release|Any CPU
	EndGlobalSection
	GlobalSection(ProjectConfigurationPlatforms) = postSolution
		{DD3B4E21-F322-4BE8-99B0-E334D5192558}.Debug|Any CPU.ActiveCfg = Debug|Any CPU
		{DD3B4E21-F322-4BE8-99B0-E334D5192558}.Debug|Any CPU.Build.0 = Debug|Any CPU
		{DD3B4E21-F322-4BE8-99B0-E334D5192558}.Release|Any CPU.ActiveCfg = Release|Any CPU
		{DD3B4E21-F322-4BE8-99B0-E334D5192558}.Release|Any CPU.Build.0 = Release|Any CPU
	EndGlobalSection
	GlobalSection(SolutionProperties) = preSolution
		HideSolutionNode = FALSE
	EndGlobalSection
	GlobalSection(ExtensibilityGlobals) = postSolution
		SolutionGuid = {75D095A9-B602-4AF6-BDD0-1BE209D6C8C8}
	EndGlobalSection
EndGlobal
